# This file is automatically @generated by Cargo.
# It is not intended for manual editing.
version = 4

[[package]]
name = "itoa"
version = "1.0.17"
source = "registry+https://github.com/rust-lang/crates.io-index"
checksum = "92ecc6618181def0457392ccd0ee51198e065e016d1d527a7ac1b6dc7c1f09d2"

[[package]]
name = "memchr"
version = "2.8.0"
source = "registry+https://github.com/rust-lang/crates.io-index"
checksum = "f8ca58f447f06ed17d5fc4043ce1b10dd205e060fb3ce5b979b8ed8e59ff3f79"

[[package]]
name = "os_abi_sentinel"
version = "0.1.0"
source = "registry+https://github.com/rust-lang/crates.io-index"
checksum = "0d118c910f33092fbab09d925c3093968204b9a28962b7756eaa14961f5d53bf"

[[package]]
name = "os_dev_toolkit"
version = "0.1.2"
source = "registry+https://github.com/rust-lang/crates.io-index"
checksum = "1d6d24ca0b6a0b881c47c2f92c27cb5640926057fe1a0eb56c8ca28460f46bf5"

[[package]]
name = "os_foundry_suite"
version = "0.1.1"
dependencies = [
 "os_abi_sentinel",
 "os_dev_toolkit",
 "os_image_lens",
 "os_kernel_foundry",
 "os_linker_sculptor",
 "os_metal_primitives",
 "os_observatory",
 "os_service_fabric",
 "os_slab_vault",
 "os_state_maestro",
 "serde",
 "serde_json",
]

[[package]]
name = "os_image_lens"
version = "0.1.0"
source = "registry+https://github.com/rust-lang/crates.io-index"
checksum = "daa5ca22fdfe8df67e31e5e1357b91f15fb36d68d7e4d1c63a95743a31d1cfce"

[[package]]
name = "os_kernel_foundry"
version = "0.1.5"
source = "registry+https://github.com/rust-lang/crates.io-index"
checksum = "ca14f940cfdb647a2b5760cda014adfa64bde20e11de32a8da64b4593707b039"

[[package]]
name = "os_linker_sculptor"
version = "0.1.0"
source = "registry+https://github.com/rust-lang/crates.io-index"
checksum = "ab730cdd7942f598397c8dfa7c34e0cd114646d3e8a42604a1e1619a19c3b041"

[[package]]
name = "os_metal_primitives"
version = "0.1.0"
source = "registry+https://github.com/rust-lang/crates.io-index"
checksum = "5dae330d459621121edefa8b4fa8d61fbd8b42d2d4ad72f15e28194db675ecb1"

[[package]]
name = "os_observatory"
version = "0.1.0"
source = "registry+https://github.com/rust-lang/crates.io-index"
checksum = "ab89437873500cc89828030692f6ce9e2f1d4c345e9ba3f256691239ac060e6e"

[[package]]
name = "os_service_fabric"
version = "0.1.0"
source = "registry+https://github.com/rust-lang/crates.io-index"
checksum = "867a5a0f6a50d0f424bc4cb38b9f3d1f67f3169ccd5752e4b697f4aae1d874a4"

[[package]]
name = "os_slab_vault"
version = "0.1.1"
source = "registry+https://github.com/rust-lang/crates.io-index"
checksum = "8a73971e3db0844b2a19afd2dc618b161cde1a6fc78975f0d8d18180297e78fe"

[[package]]
name = "os_state_maestro"
version = "0.1.0"
source = "registry+https://github.com/rust-lang/crates.io-index"
checksum = "dc8162053a6310d839c1376cccbb0a3549758f82a6882e567e1a8328380395ce"

[[package]]
name = "proc-macro2"
version = "1.0.106"
source = "registry+https://github.com/rust-lang/crates.io-index"
checksum = "8fd00f0bb2e90d81d1044c2b32617f68fcb9fa3bb7640c23e9c748e53fb30934"
dependencies = [
 "unicode-ident",
]

[[package]]
name = "quote"
version = "1.0.44"
source = "registry+https://github.com/rust-lang/crates.io-index"
checksum = "21b2ebcf727b7760c461f091f9f0f539b77b8e87f2fd88131e7f1b433b3cece4"
dependencies = [
 "proc-macro2",
]

[[package]]
name = "serde"
version = "1.0.228"
source = "registry+https://github.com/rust-lang/crates.io-index"
checksum = "9a8e94ea7f378bd32cbbd37198a4a91436180c5bb472411e48b5ec2e2124ae9e"
dependencies = [
 "serde_core",
 "serde_derive",
]

[[package]]
name = "serde_core"
version = "1.0.228"
source = "registry+https://github.com/rust-lang/crates.io-index"
checksum = "41d385c7d4ca58e59fc732af25c3983b67ac852c1a25000afe1175de458b67ad"
dependencies = [
 "serde_derive",
]

[[package]]
name = "serde_derive"
version = "1.0.228"
source = "registry+https://github.com/rust-lang/crates.io-index"
checksum = "d540f220d3187173da220f885ab66608367b6574e925011a9353e4badda91d79"
dependencies = [
 "proc-macro2",
 "quote",
 "syn",
]

[[package]]
name = "serde_json"
version = "1.0.149"
source = "registry+https://github.com/rust-lang/crates.io-index"
checksum = "83fc039473c5595ace860d8c4fafa220ff474b3fc6bfdb4293327f1a37e94d86"
dependencies = [
 "itoa",
 "memchr",
 "serde",
 "serde_core",
 "zmij",
]

[[package]]
name = "syn"
version = "2.0.117"
source = "registry+https://github.com/rust-lang/crates.io-index"
checksum = "e665b8803e7b1d2a727f4023456bbbbe74da67099c585258af0ad9c5013b9b99"
dependencies = [
 "proc-macro2",
 "quote",
 "unicode-ident",
]

[[package]]
name = "unicode-ident"
version = "1.0.24"
source = "registry+https://github.com/rust-lang/crates.io-index"
checksum = "e6e4313cd5fcd3dad5cafa179702e2b244f760991f45397d14d4ebf38247da75"

[[package]]
name = "zmij"
version = "1.0.21"
source = "registry+https://github.com/rust-lang/crates.io-index"
checksum = "b8848ee67ecc8aedbaf3e4122217aff892639231befc6a1b58d29fff4c2cabaa"
